
Microsoft Visual Studio Solution File, Format Version 12.00
# Visual Studio Version 17
VisualStudioVersion = 17.8.34525.116
MinimumVisualStudioVersion = 10.0.40219.1
Project("{FAE04EC0-301F-11D3-BF4B-00C04F79EFBC}") = "EasyBlog", "EasyBlog\EasyBlog.csproj", "{6B32D3A4-3036-4B4F-8C45-F190A0A08CC2}"
EndProject
Global
	GlobalSection(SolutionConfigurationPlatforms) = preSolution
		Debug|Any CPU = Debug|Any CPU
		Release|Any CPU = Release|Any CPU
	EndGlobalSection
	GlobalSection(ProjectConfigurationPlatforms) = postSolution
		{6B32D3A4-3036-4B4F-8C45-F190A0A08CC2}.Debug|Any CPU.ActiveCfg = Debug|Any CPU
		{6B32D3A4-3036-4B4F-8C45-F190A0A08CC2}.Debug|Any CPU.Build.0 = Debug|Any CPU
		{6B32D3A4-3036-4B4F-8C45-F190A0A08CC2}.Release|Any CPU.ActiveCfg = Release|Any CPU
		{6B32D3A4-3036-4B4F-8C45-F190A0A08CC2}.Release|Any CPU.Build.0 = Release|Any CPU
	EndGlobalSection
	GlobalSection(SolutionProperties) = preSolution
		HideSolutionNode = FALSE
	EndGlobalSection
	GlobalSection(ExtensibilityGlobals) = postSolution
		SolutionGuid = {F320B26C-63B5-45B6-ACCB-AF673BC1BD4E}
	EndGlobalSection
EndGlobal
